
Microsoft Visual Studio Solution File, Format Version 12.00
# Visual Studio Version 16
VisualStudioVersion = 16.0.30611.23
MinimumVisualStudioVersion = 10.0.40219.1
Project("{FAE04EC0-301F-11D3-BF4B-00C04F79EFBC}") = "Test", "Test.csproj", "{A70D2DB1-58FE-4AC4-87F9-928AED1290C0}"
EndProject
Global
	GlobalSection(SolutionConfigurationPlatforms) = preSolution
		Debug|Any CPU = Debug|Any CPU
		Release|Any CPU = Release|Any CPU
	EndGlobalSection
	GlobalSection(ProjectConfigurationPlatforms) = postSolution
		{A70D2DB1-58FE-4AC4-87F9-928AED1290C0}.Debug|Any CPU.ActiveCfg = Debug|Any CPU
		{A70D2DB1-58FE-4AC4-87F9-928AED1290C0}.Debug|Any CPU.Build.0 = Debug|Any CPU
		{A70D2DB1-58FE-4AC4-87F9-928AED1290C0}.Release|Any CPU.ActiveCfg = Release|Any CPU
		{A70D2DB1-58FE-4AC4-87F9-928AED1290C0}.Release|Any CPU.Build.0 = Release|Any CPU
	EndGlobalSection
	GlobalSection(SolutionProperties) = preSolution
		HideSolutionNode = FALSE
	EndGlobalSection
	GlobalSection(ExtensibilityGlobals) = postSolution
		SolutionGuid = {2DD4B801-C8F6-406F-B5D1-8D545CAB128E}
	EndGlobalSection
EndGlobal
