
Microsoft Visual Studio Solution File, Format Version 12.00
# Visual Studio Version 16
VisualStudioVersion = 16.0.30611.23
MinimumVisualStudioVersion = 10.0.40219.1
Project("{FAE04EC0-301F-11D3-BF4B-00C04F79EFBC}") = "Climat", "Climat.csproj", "{C1DE7645-D523-469F-8265-6AA9E8FBA3F5}"
EndProject
Global
	GlobalSection(SolutionConfigurationPlatforms) = preSolution
		Debug|Any CPU = Debug|Any CPU
		Release|Any CPU = Release|Any CPU
	EndGlobalSection
	GlobalSection(ProjectConfigurationPlatforms) = postSolution
		{C1DE7645-D523-469F-8265-6AA9E8FBA3F5}.Debug|Any CPU.ActiveCfg = Debug|Any CPU
		{C1DE7645-D523-469F-8265-6AA9E8FBA3F5}.Debug|Any CPU.Build.0 = Debug|Any CPU
		{C1DE7645-D523-469F-8265-6AA9E8FBA3F5}.Release|Any CPU.ActiveCfg = Release|Any CPU
		{C1DE7645-D523-469F-8265-6AA9E8FBA3F5}.Release|Any CPU.Build.0 = Release|Any CPU
	EndGlobalSection
	GlobalSection(SolutionProperties) = preSolution
		HideSolutionNode = FALSE
	EndGlobalSection
	GlobalSection(ExtensibilityGlobals) = postSolution
		SolutionGuid = {BD96DDCD-7759-4C9D-AA9F-7F7E90A2CF13}
	EndGlobalSection
EndGlobal
