
Microsoft Visual Studio Solution File, Format Version 12.00
# Visual Studio Version 16
VisualStudioVersion = 16.0.29920.165
MinimumVisualStudioVersion = 10.0.40219.1
Project("{FAE04EC0-301F-11D3-BF4B-00C04F79EFBC}") = "GenersicCollections", "GenersicCollections.csproj", "{A93DB885-B14A-4105-9557-3CE7B1B1D1B9}"
EndProject
Global
	GlobalSection(SolutionConfigurationPlatforms) = preSolution
		Debug|Any CPU = Debug|Any CPU
		Release|Any CPU = Release|Any CPU
	EndGlobalSection
	GlobalSection(ProjectConfigurationPlatforms) = postSolution
		{A93DB885-B14A-4105-9557-3CE7B1B1D1B9}.Debug|Any CPU.ActiveCfg = Debug|Any CPU
		{A93DB885-B14A-4105-9557-3CE7B1B1D1B9}.Debug|Any CPU.Build.0 = Debug|Any CPU
		{A93DB885-B14A-4105-9557-3CE7B1B1D1B9}.Release|Any CPU.ActiveCfg = Release|Any CPU
		{A93DB885-B14A-4105-9557-3CE7B1B1D1B9}.Release|Any CPU.Build.0 = Release|Any CPU
	EndGlobalSection
	GlobalSection(SolutionProperties) = preSolution
		HideSolutionNode = FALSE
	EndGlobalSection
	GlobalSection(ExtensibilityGlobals) = postSolution
		SolutionGuid = {FC6F9523-69F2-44CA-985D-4F40589705A0}
	EndGlobalSection
EndGlobal
