
Microsoft Visual Studio Solution File, Format Version 12.00
# Visual Studio Version 16
VisualStudioVersion = 16.0.30413.136
MinimumVisualStudioVersion = 10.0.40219.1
Project("{FAE04EC0-301F-11D3-BF4B-00C04F79EFBC}") = "Inheritance", "Inheritance.csproj", "{BBBC8EDB-FE8B-4185-B2C6-4853EF5E79DE}"
EndProject
Global
	GlobalSection(SolutionConfigurationPlatforms) = preSolution
		Debug|Any CPU = Debug|Any CPU
		Release|Any CPU = Release|Any CPU
	EndGlobalSection
	GlobalSection(ProjectConfigurationPlatforms) = postSolution
		{BBBC8EDB-FE8B-4185-B2C6-4853EF5E79DE}.Debug|Any CPU.ActiveCfg = Debug|Any CPU
		{BBBC8EDB-FE8B-4185-B2C6-4853EF5E79DE}.Debug|Any CPU.Build.0 = Debug|Any CPU
		{BBBC8EDB-FE8B-4185-B2C6-4853EF5E79DE}.Release|Any CPU.ActiveCfg = Release|Any CPU
		{BBBC8EDB-FE8B-4185-B2C6-4853EF5E79DE}.Release|Any CPU.Build.0 = Release|Any CPU
	EndGlobalSection
	GlobalSection(SolutionProperties) = preSolution
		HideSolutionNode = FALSE
	EndGlobalSection
	GlobalSection(ExtensibilityGlobals) = postSolution
		SolutionGuid = {00A6D7FD-B979-4FFB-B19F-7419CA4CA22C}
	EndGlobalSection
EndGlobal
