
Microsoft Visual Studio Solution File, Format Version 12.00
# Visual Studio Version 16
VisualStudioVersion = 16.0.30717.126
MinimumVisualStudioVersion = 10.0.40219.1
Project("{FAE04EC0-301F-11D3-BF4B-00C04F79EFBC}") = "Clock", "Clock.csproj", "{FE209B00-3B13-4ABC-8396-33C89C5022AB}"
EndProject
Global
	GlobalSection(SolutionConfigurationPlatforms) = preSolution
		Debug|Any CPU = Debug|Any CPU
		Release|Any CPU = Release|Any CPU
	EndGlobalSection
	GlobalSection(ProjectConfigurationPlatforms) = postSolution
		{FE209B00-3B13-4ABC-8396-33C89C5022AB}.Debug|Any CPU.ActiveCfg = Debug|Any CPU
		{FE209B00-3B13-4ABC-8396-33C89C5022AB}.Debug|Any CPU.Build.0 = Debug|Any CPU
		{FE209B00-3B13-4ABC-8396-33C89C5022AB}.Release|Any CPU.ActiveCfg = Release|Any CPU
		{FE209B00-3B13-4ABC-8396-33C89C5022AB}.Release|Any CPU.Build.0 = Release|Any CPU
	EndGlobalSection
	GlobalSection(SolutionProperties) = preSolution
		HideSolutionNode = FALSE
	EndGlobalSection
	GlobalSection(ExtensibilityGlobals) = postSolution
		SolutionGuid = {47F17BB1-1F95-43A0-B37B-F8C343A0BA41}
	EndGlobalSection
EndGlobal
