
Microsoft Visual Studio Solution File, Format Version 12.00
# Visual Studio Version 16
VisualStudioVersion = 16.0.29920.165
MinimumVisualStudioVersion = 10.0.40219.1
Project("{FAE04EC0-301F-11D3-BF4B-00C04F79EFBC}") = "LINQ", "LINQ.csproj", "{4F64B6AA-3543-49AA-930D-C54C3120DD98}"
EndProject
Global
	GlobalSection(SolutionConfigurationPlatforms) = preSolution
		Debug|Any CPU = Debug|Any CPU
		Release|Any CPU = Release|Any CPU
	EndGlobalSection
	GlobalSection(ProjectConfigurationPlatforms) = postSolution
		{4F64B6AA-3543-49AA-930D-C54C3120DD98}.Debug|Any CPU.ActiveCfg = Debug|Any CPU
		{4F64B6AA-3543-49AA-930D-C54C3120DD98}.Debug|Any CPU.Build.0 = Debug|Any CPU
		{4F64B6AA-3543-49AA-930D-C54C3120DD98}.Release|Any CPU.ActiveCfg = Release|Any CPU
		{4F64B6AA-3543-49AA-930D-C54C3120DD98}.Release|Any CPU.Build.0 = Release|Any CPU
	EndGlobalSection
	GlobalSection(SolutionProperties) = preSolution
		HideSolutionNode = FALSE
	EndGlobalSection
	GlobalSection(ExtensibilityGlobals) = postSolution
		SolutionGuid = {A3036723-B9DD-4232-A9C6-2F03ADC5255C}
	EndGlobalSection
EndGlobal
