
Microsoft Visual Studio Solution File, Format Version 12.00
# Visual Studio Version 16
VisualStudioVersion = 16.0.29920.165
MinimumVisualStudioVersion = 10.0.40219.1
Project("{FAE04EC0-301F-11D3-BF4B-00C04F79EFBC}") = "Adapter", "Adapter.csproj", "{15686884-2FE3-4D54-B086-43E2AB78EFD9}"
EndProject
Global
	GlobalSection(SolutionConfigurationPlatforms) = preSolution
		Debug|Any CPU = Debug|Any CPU
		Release|Any CPU = Release|Any CPU
	EndGlobalSection
	GlobalSection(ProjectConfigurationPlatforms) = postSolution
		{15686884-2FE3-4D54-B086-43E2AB78EFD9}.Debug|Any CPU.ActiveCfg = Debug|Any CPU
		{15686884-2FE3-4D54-B086-43E2AB78EFD9}.Debug|Any CPU.Build.0 = Debug|Any CPU
		{15686884-2FE3-4D54-B086-43E2AB78EFD9}.Release|Any CPU.ActiveCfg = Release|Any CPU
		{15686884-2FE3-4D54-B086-43E2AB78EFD9}.Release|Any CPU.Build.0 = Release|Any CPU
	EndGlobalSection
	GlobalSection(SolutionProperties) = preSolution
		HideSolutionNode = FALSE
	EndGlobalSection
	GlobalSection(ExtensibilityGlobals) = postSolution
		SolutionGuid = {976434A2-DF35-4D7C-BB13-78A0D558F95D}
	EndGlobalSection
EndGlobal
