
Microsoft Visual Studio Solution File, Format Version 12.00
# Visual Studio Version 16
VisualStudioVersion = 16.0.30413.136
MinimumVisualStudioVersion = 10.0.40219.1
Project("{FAE04EC0-301F-11D3-BF4B-00C04F79EFBC}") = "ComplexNumber", "ComplexNumber.csproj", "{0F41A914-FFB8-4364-BDCA-7B906CD9936C}"
EndProject
Global
	GlobalSection(SolutionConfigurationPlatforms) = preSolution
		Debug|Any CPU = Debug|Any CPU
		Release|Any CPU = Release|Any CPU
	EndGlobalSection
	GlobalSection(ProjectConfigurationPlatforms) = postSolution
		{0F41A914-FFB8-4364-BDCA-7B906CD9936C}.Debug|Any CPU.ActiveCfg = Debug|Any CPU
		{0F41A914-FFB8-4364-BDCA-7B906CD9936C}.Debug|Any CPU.Build.0 = Debug|Any CPU
		{0F41A914-FFB8-4364-BDCA-7B906CD9936C}.Release|Any CPU.ActiveCfg = Release|Any CPU
		{0F41A914-FFB8-4364-BDCA-7B906CD9936C}.Release|Any CPU.Build.0 = Release|Any CPU
	EndGlobalSection
	GlobalSection(SolutionProperties) = preSolution
		HideSolutionNode = FALSE
	EndGlobalSection
	GlobalSection(ExtensibilityGlobals) = postSolution
		SolutionGuid = {C98D978A-B551-46DF-8AFC-ECEAE156D90F}
	EndGlobalSection
EndGlobal
